# THIS IS AN AUTOGENERATED FILE. DO NOT EDIT THIS FILE DIRECTLY.
# yarn lockfile v1


immutable-ics@^0.4.0:
  version "0.4.0"
  resolved "https://registry.npmjs.org/immutable-ics/-/immutable-ics-0.4.0.tgz#862199b3ae70524c26e19f90e099df2a9705a3c6"
  integrity sha512-C7WhdrUlIaZycZ2Ue2s1e1PfABdVgkKlPVYwMdTGwFtsDBuGSlBQZdNbV6cyGGfK+FV/QdOy6tJr4Rghn2XjHg==
  dependencies:
    lodash.isdate "^4.0.1"
    lodash.isfunction "^3.0.8"
    lodash.isnull "^3.0.0"
    lodash.isundefined "^3.0.1"
    lodash.padstart "^4.6.1"
    typed-immutable "0.0.8"

immutable@>=3.7.6:
  version "4.2.2"
  resolved "https://registry.npmjs.org/immutable/-/immutable-4.2.2.tgz#2da9ff4384a4330c36d4d1bc88e90f9e0b0ccd16"
  integrity sha512-fTMKDwtbvO5tldky9QZ2fMX7slR0mYpY5nbnFWYp0fOzDhHqhgIw9KoYgxLWsoNTS9ZHGauHj18DTyEw6BK3Og==

lodash.isdate@^4.0.1:
  version "4.0.1"
  resolved "https://registry.npmjs.org/lodash.isdate/-/lodash.isdate-4.0.1.tgz#35a543673b9d76110de4114b32cc577048a7f366"
  integrity sha512-hg5B1GD+R9egsBgMwmAhk+V53Us03TVvXT4dnyKugEfsD4QKuG9Wlyvxq8OGy2nu7qVGsh4DRSnMk33hoWBq/Q==

lodash.isfunction@^3.0.8:
  version "3.0.9"
  resolved "https://registry.npmjs.org/lodash.isfunction/-/lodash.isfunction-3.0.9.tgz#06de25df4db327ac931981d1bdb067e5af68d051"
  integrity sha512-AirXNj15uRIMMPihnkInB4i3NHeb4iBtNg9WRWuK2o31S+ePwwNmDPaTL3o7dTJ+VXNZim7rFs4rxN4YU1oUJw==

lodash.isnull@^3.0.0:
  version "3.0.0"
  resolved "https://registry.npmjs.org/lodash.isnull/-/lodash.isnull-3.0.0.tgz#fafbe59ea1dca27eed786534039dd84c2e07c56e"
  integrity sha512-9D6/H5PSHfhyPwZerI9J5hKBaXayxhVy7gt6OBAsXv8XBm+i107KqG99AoeIJObC6uCnVwp1LM7Ww1DKYYIKog==

lodash.isundefined@^3.0.1:
  version "3.0.1"
  resolved "https://registry.npmjs.org/lodash.isundefined/-/lodash.isundefined-3.0.1.tgz#23ef3d9535565203a66cefd5b830f848911afb48"
  integrity sha512-MXB1is3s899/cD8jheYYE2V9qTHwKvt+npCwpD+1Sxm3Q3cECXCiYHjeHWXNwr6Q0SOBPrYUDxendrO6goVTEA==

lodash.padstart@^4.6.1:
  version "4.6.1"
  resolved "https://registry.npmjs.org/lodash.padstart/-/lodash.padstart-4.6.1.tgz#d2e3eebff0d9d39ad50f5cbd1b52a7bce6bb611b"
  integrity sha512-sW73O6S8+Tg66eY56DBk85aQzzUJDtpoXFBgELMd5P/SotAguo+1kYO6RuYgXxA4HJH3LFTFPASX6ET6bjfriw==

nanoid@^4.0.0:
  version "4.0.0"
  resolved "https://registry.npmjs.org/nanoid/-/nanoid-4.0.0.tgz#6e144dee117609232c3f415c34b0e550e64999a5"
  integrity sha512-IgBP8piMxe/gf73RTQx7hmnhwz0aaEXYakvqZyE302IXW3HyVNhdNGC+O2MwMAVhLEnvXlvKtGbtJf6wvHihCg==

rimraf@^4.1.2:
  version "4.1.2"
  resolved "https://registry.npmjs.org/rimraf/-/rimraf-4.1.2.tgz#20dfbc98083bdfaa28b01183162885ef213dbf7c"
  integrity sha512-BlIbgFryTbw3Dz6hyoWFhKk+unCcHMSkZGrTFVAx2WmttdBSonsdtRlwiuTbDqTKr+UlXIUqJVS4QT5tUzGENQ==

slugify@^1.6.5:
  version "1.6.5"
  resolved "https://registry.npmjs.org/slugify/-/slugify-1.6.5.tgz#c8f5c072bf2135b80703589b39a3d41451fbe8c8"
  integrity sha512-8mo9bslnBO3tr5PEVFzMPIWwWnipGS0xVbYf65zxDqfNwmzYn1LpiKNrR6DlClusuvo+hDHd1zKpmfAe83NQSQ==

typed-immutable@0.0.8:
  version "0.0.8"
  resolved "https://registry.npmjs.org/typed-immutable/-/typed-immutable-0.0.8.tgz#d7aae7bc06c1a1896b5a1e9dfccb80594e9899f0"
  integrity sha512-vEQBEn20HPzXH4M9B1ZjBTVA1Wz/4o6ERaUYgE45IZujMb8xgnBbrTCzZyLc3DOcxA6YsUi4QdSqm7HHtqPjmg==
  dependencies:
    immutable ">=3.7.6"
